
Microsoft Visual Studio Solution File, Format Version 12.00
# Visual Studio 15
VisualStudioVersion = 15.0.28010.2048
MinimumVisualStudioVersion = 10.0.40219.1
Project("{9A19103F-16F7-4668-BE54-9A1E7A4F7556}") = "Auth.Web", "Auth.Web\Auth.Web.csproj", "{8DE19974-0179-409B-BEE8-163ACF3BE95E}"
EndProject
Project("{2150E333-8FDC-42A3-9474-1A3956D46DE8}") = "Solution Items", "Solution Items", "{9FB9DDBF-2485-4E69-A90D-F841C9919D21}"
	ProjectSection(SolutionItems) = preProject
		.filenesting.json = .filenesting.json
	EndProjectSection
EndProject
Project("{9A19103F-16F7-4668-BE54-9A1E7A4F7556}") = "Auth.Core", "Auth.Core\Auth.Core.csproj", "{ABDDDDC1-5145-425D-8760-C93D1A36FFAF}"
EndProject
Project("{9A19103F-16F7-4668-BE54-9A1E7A4F7556}") = "Auth.Infrastructure", "Auth.Infrastructure\Auth.Infrastructure.csproj", "{6AAD821F-E2CF-4000-884C-26AD268B7E80}"
EndProject
Project("{9A19103F-16F7-4668-BE54-9A1E7A4F7556}") = "Auth.Console", "Auth.Console\Auth.Console.csproj", "{0CDFE1C1-CF11-4047-A6B0-57875D84C0D9}"
EndProject
Project("{FAE04EC0-301F-11D3-BF4B-00C04F79EFBC}") = "Auth.Stores", "Auth.Stores\Auth.Stores.csproj", "{5AD54521-9689-43A6-A4E7-8C45A99102BD}"
EndProject
Global
	GlobalSection(SolutionConfigurationPlatforms) = preSolution
		Debug|Any CPU = Debug|Any CPU
		Release|Any CPU = Release|Any CPU
	EndGlobalSection
	GlobalSection(ProjectConfigurationPlatforms) = postSolution
		{8DE19974-0179-409B-BEE8-163ACF3BE95E}.Debug|Any CPU.ActiveCfg = Debug|Any CPU
		{8DE19974-0179-409B-BEE8-163ACF3BE95E}.Debug|Any CPU.Build.0 = Debug|Any CPU
		{8DE19974-0179-409B-BEE8-163ACF3BE95E}.Release|Any CPU.ActiveCfg = Release|Any CPU
		{8DE19974-0179-409B-BEE8-163ACF3BE95E}.Release|Any CPU.Build.0 = Release|Any CPU
		{ABDDDDC1-5145-425D-8760-C93D1A36FFAF}.Debug|Any CPU.ActiveCfg = Debug|Any CPU
		{ABDDDDC1-5145-425D-8760-C93D1A36FFAF}.Debug|Any CPU.Build.0 = Debug|Any CPU
		{ABDDDDC1-5145-425D-8760-C93D1A36FFAF}.Release|Any CPU.ActiveCfg = Release|Any CPU
		{ABDDDDC1-5145-425D-8760-C93D1A36FFAF}.Release|Any CPU.Build.0 = Release|Any CPU
		{6AAD821F-E2CF-4000-884C-26AD268B7E80}.Debug|Any CPU.ActiveCfg = Debug|Any CPU
		{6AAD821F-E2CF-4000-884C-26AD268B7E80}.Debug|Any CPU.Build.0 = Debug|Any CPU
		{6AAD821F-E2CF-4000-884C-26AD268B7E80}.Release|Any CPU.ActiveCfg = Release|Any CPU
		{6AAD821F-E2CF-4000-884C-26AD268B7E80}.Release|Any CPU.Build.0 = Release|Any CPU
		{0CDFE1C1-CF11-4047-A6B0-57875D84C0D9}.Debug|Any CPU.ActiveCfg = Debug|Any CPU
		{0CDFE1C1-CF11-4047-A6B0-57875D84C0D9}.Debug|Any CPU.Build.0 = Debug|Any CPU
		{0CDFE1C1-CF11-4047-A6B0-57875D84C0D9}.Release|Any CPU.ActiveCfg = Release|Any CPU
		{0CDFE1C1-CF11-4047-A6B0-57875D84C0D9}.Release|Any CPU.Build.0 = Release|Any CPU
		{5AD54521-9689-43A6-A4E7-8C45A99102BD}.Debug|Any CPU.ActiveCfg = Debug|Any CPU
		{5AD54521-9689-43A6-A4E7-8C45A99102BD}.Debug|Any CPU.Build.0 = Debug|Any CPU
		{5AD54521-9689-43A6-A4E7-8C45A99102BD}.Release|Any CPU.ActiveCfg = Release|Any CPU
		{5AD54521-9689-43A6-A4E7-8C45A99102BD}.Release|Any CPU.Build.0 = Release|Any CPU
	EndGlobalSection
	GlobalSection(SolutionProperties) = preSolution
		HideSolutionNode = FALSE
	EndGlobalSection
	GlobalSection(ExtensibilityGlobals) = postSolution
		SolutionGuid = {6D8C56A0-BC87-4319-A8CF-76A2D53B084A}
	EndGlobalSection
EndGlobal
